
Microsoft Visual Studio Solution File, Format Version 12.00
# Visual Studio 14
VisualStudioVersion = 14.0.24720.0
MinimumVisualStudioVersion = 10.0.40219.1
Project("{FAE04EC0-301F-11D3-BF4B-00C04F79EFBC}") = "VirtualService", "Services\VirtualService\VirtualService.csproj", "{A147027C-BC88-490A-833D-0F5966D51959}"
EndProject
Project("{FAE04EC0-301F-11D3-BF4B-00C04F79EFBC}") = "Portfolio_API.Tests", "Services\Portfolio_API.Tests\Portfolio_API.Tests.csproj", "{BE37462B-F6A0-4262-83C5-F25FBAEFB3B5}"
EndProject
Project("{FAE04EC0-301F-11D3-BF4B-00C04F79EFBC}") = "Portfolio_API", "Services\Portfolio_API\Portfolio_API.csproj", "{540846F6-E530-4170-954F-0F8F249A46BC}"
EndProject
Global
	GlobalSection(SolutionConfigurationPlatforms) = preSolution
		Debug|Any CPU = Debug|Any CPU
		Release|Any CPU = Release|Any CPU
	EndGlobalSection
	GlobalSection(ProjectConfigurationPlatforms) = postSolution
		{A147027C-BC88-490A-833D-0F5966D51959}.Debug|Any CPU.ActiveCfg = Debug|Any CPU
		{A147027C-BC88-490A-833D-0F5966D51959}.Debug|Any CPU.Build.0 = Debug|Any CPU
		{A147027C-BC88-490A-833D-0F5966D51959}.Release|Any CPU.ActiveCfg = Release|Any CPU
		{A147027C-BC88-490A-833D-0F5966D51959}.Release|Any CPU.Build.0 = Release|Any CPU
		{BE37462B-F6A0-4262-83C5-F25FBAEFB3B5}.Debug|Any CPU.ActiveCfg = Debug|Any CPU
		{BE37462B-F6A0-4262-83C5-F25FBAEFB3B5}.Debug|Any CPU.Build.0 = Debug|Any CPU
		{BE37462B-F6A0-4262-83C5-F25FBAEFB3B5}.Release|Any CPU.ActiveCfg = Release|Any CPU
		{BE37462B-F6A0-4262-83C5-F25FBAEFB3B5}.Release|Any CPU.Build.0 = Release|Any CPU
		{540846F6-E530-4170-954F-0F8F249A46BC}.Debug|Any CPU.ActiveCfg = Debug|Any CPU
		{540846F6-E530-4170-954F-0F8F249A46BC}.Debug|Any CPU.Build.0 = Debug|Any CPU
		{540846F6-E530-4170-954F-0F8F249A46BC}.Release|Any CPU.ActiveCfg = Release|Any CPU
		{540846F6-E530-4170-954F-0F8F249A46BC}.Release|Any CPU.Build.0 = Release|Any CPU
	EndGlobalSection
	GlobalSection(SolutionProperties) = preSolution
		HideSolutionNode = FALSE
	EndGlobalSection
EndGlobal
