
Microsoft Visual Studio Solution File, Format Version 12.00
# Visual Studio 14
VisualStudioVersion = 14.0.23107.0
MinimumVisualStudioVersion = 10.0.40219.1
Project("{FAE04EC0-301F-11D3-BF4B-00C04F79EFBC}") = "TestSuite", "TestSuite\TestSuite.csproj", "{81A5B5F6-A173-4F14-8E54-B61B88EBEEED}"
EndProject
Project("{2150E333-8FDC-42A3-9474-1A3956D46DE8}") = "FrontEnd", "FrontEnd", "{B72F4619-509A-47FA-AE1F-20E0898C4794}"
EndProject
Project("{2150E333-8FDC-42A3-9474-1A3956D46DE8}") = "BackEnd", "BackEnd", "{0B08A244-8E23-46B3-8C78-DA8A909160C2}"
EndProject
Project("{FAE04EC0-301F-11D3-BF4B-00C04F79EFBC}") = "Data", "Data\Data.csproj", "{323B4F4B-6264-40C5-88AC-AF508909DFE6}"
EndProject
Project("{FAE04EC0-301F-11D3-BF4B-00C04F79EFBC}") = "PortfolioManager", "BankManager\PortfolioManager.csproj", "{EAACCC34-D65D-42D1-A44C-D42183A8A72A}"
EndProject
Project("{FAE04EC0-301F-11D3-BF4B-00C04F79EFBC}") = "WPFBase", "WPFBase\WPFBase.csproj", "{5FF17B04-2929-4B71-8EEF-5CCC0DB5D80B}"
EndProject
Project("{FAE04EC0-301F-11D3-BF4B-00C04F79EFBC}") = "BusinessLogic", "BusinessLogic\BusinessLogic.csproj", "{D54F38E9-8FBB-473A-AE31-98C85A05E857}"
EndProject
Project("{FAE04EC0-301F-11D3-BF4B-00C04F79EFBC}") = "Factories", "Factories\Factories.csproj", "{10C1EDD8-89B1-442F-B21B-F7705051681E}"
EndProject
Project("{FAE04EC0-301F-11D3-BF4B-00C04F79EFBC}") = "DBCreator", "DBCreator\DBCreator.csproj", "{3D87A3A4-3871-4354-AEB0-AFA7582A5BC7}"
EndProject
Project("{2150E333-8FDC-42A3-9474-1A3956D46DE8}") = "Data", "Data", "{DC4D750B-BA5D-4C7D-BA64-2FEB3BE4417C}"
EndProject
Project("{FAE04EC0-301F-11D3-BF4B-00C04F79EFBC}") = "ViewModels", "ViewModels\ViewModels.csproj", "{EE54B81A-AA48-4614-A6BB-AB46CCBA0677}"
EndProject
Project("{FAE04EC0-301F-11D3-BF4B-00C04F79EFBC}") = "Repository", "Repository\Repository.csproj", "{13C7AA9E-565A-46E4-9A95-D2437A36AC03}"
EndProject
Project("{FAE04EC0-301F-11D3-BF4B-00C04F79EFBC}") = "Interfaces", "Interfaces\Interfaces.csproj", "{170BE89D-025F-4352-9388-72CE26EE12E9}"
EndProject
Project("{FAE04EC0-301F-11D3-BF4B-00C04F79EFBC}") = "Common", "Enums\Common.csproj", "{5D781E57-0DF3-40B7-BF45-FF50B1EE3B03}"
EndProject
Project("{2150E333-8FDC-42A3-9474-1A3956D46DE8}") = "Services", "Services", "{24972C2C-FC61-4619-A3D4-6C3A03A838AA}"
EndProject
Project("{FAE04EC0-301F-11D3-BF4B-00C04F79EFBC}") = "FrontEndTests", "FrontEndTests\FrontEndTests.csproj", "{0F4F690F-6871-413D-A9DB-54B777D16B97}"
EndProject
Project("{FAE04EC0-301F-11D3-BF4B-00C04F79EFBC}") = "BackEndTests", "BackEndTests\BackEndTests.csproj", "{BB9EE226-78DC-4021-B322-CB6D44DCBA25}"
EndProject
Project("{FAE04EC0-301F-11D3-BF4B-00C04F79EFBC}") = "PortfolioManager_Web", "PortfolioManager_Web\PortfolioManager_Web.csproj", "{26F6725F-8EE1-4CEE-AE6A-BB9697368559}"
EndProject
Project("{FAE04EC0-301F-11D3-BF4B-00C04F79EFBC}") = "Web_Template", "Web_Template\Web_Template.csproj", "{5DD4DE1B-00CE-4EBB-BED5-D3E00D8E0526}"
EndProject
<<<<<<< HEAD
Project("{2150E333-8FDC-42A3-9474-1A3956D46DE8}") = "Later", "Later", "{75B5D523-A368-45B8-B16B-E39724DF2B52}"
=======
Project("{FAE04EC0-301F-11D3-BF4B-00C04F79EFBC}") = "Portfolio_API", "Portfolio_API\Portfolio_API.csproj", "{540846F6-E530-4170-954F-0F8F249A46BC}"
EndProject
Project("{FAE04EC0-301F-11D3-BF4B-00C04F79EFBC}") = "Portfolio_API.Tests", "Portfolio_API.Tests\Portfolio_API.Tests.csproj", "{BE37462B-F6A0-4262-83C5-F25FBAEFB3B5}"
>>>>>>> 1c2e77ce8f7e4bf89c5cc9658c886bceb409f9b7
EndProject
Global
	GlobalSection(SolutionConfigurationPlatforms) = preSolution
		Debug|Any CPU = Debug|Any CPU
		Release|Any CPU = Release|Any CPU
	EndGlobalSection
	GlobalSection(ProjectConfigurationPlatforms) = postSolution
		{81A5B5F6-A173-4F14-8E54-B61B88EBEEED}.Debug|Any CPU.ActiveCfg = Debug|Any CPU
		{81A5B5F6-A173-4F14-8E54-B61B88EBEEED}.Debug|Any CPU.Build.0 = Debug|Any CPU
		{81A5B5F6-A173-4F14-8E54-B61B88EBEEED}.Release|Any CPU.ActiveCfg = Release|Any CPU
		{81A5B5F6-A173-4F14-8E54-B61B88EBEEED}.Release|Any CPU.Build.0 = Release|Any CPU
		{323B4F4B-6264-40C5-88AC-AF508909DFE6}.Debug|Any CPU.ActiveCfg = Debug|Any CPU
		{323B4F4B-6264-40C5-88AC-AF508909DFE6}.Debug|Any CPU.Build.0 = Debug|Any CPU
		{323B4F4B-6264-40C5-88AC-AF508909DFE6}.Release|Any CPU.ActiveCfg = Release|Any CPU
		{323B4F4B-6264-40C5-88AC-AF508909DFE6}.Release|Any CPU.Build.0 = Release|Any CPU
		{EAACCC34-D65D-42D1-A44C-D42183A8A72A}.Debug|Any CPU.ActiveCfg = Debug|Any CPU
		{EAACCC34-D65D-42D1-A44C-D42183A8A72A}.Debug|Any CPU.Build.0 = Debug|Any CPU
		{EAACCC34-D65D-42D1-A44C-D42183A8A72A}.Release|Any CPU.ActiveCfg = Release|Any CPU
		{EAACCC34-D65D-42D1-A44C-D42183A8A72A}.Release|Any CPU.Build.0 = Release|Any CPU
		{5FF17B04-2929-4B71-8EEF-5CCC0DB5D80B}.Debug|Any CPU.ActiveCfg = Debug|Any CPU
		{5FF17B04-2929-4B71-8EEF-5CCC0DB5D80B}.Debug|Any CPU.Build.0 = Debug|Any CPU
		{5FF17B04-2929-4B71-8EEF-5CCC0DB5D80B}.Release|Any CPU.ActiveCfg = Release|Any CPU
		{5FF17B04-2929-4B71-8EEF-5CCC0DB5D80B}.Release|Any CPU.Build.0 = Release|Any CPU
		{D54F38E9-8FBB-473A-AE31-98C85A05E857}.Debug|Any CPU.ActiveCfg = Debug|Any CPU
		{D54F38E9-8FBB-473A-AE31-98C85A05E857}.Debug|Any CPU.Build.0 = Debug|Any CPU
		{D54F38E9-8FBB-473A-AE31-98C85A05E857}.Release|Any CPU.ActiveCfg = Release|Any CPU
		{D54F38E9-8FBB-473A-AE31-98C85A05E857}.Release|Any CPU.Build.0 = Release|Any CPU
		{10C1EDD8-89B1-442F-B21B-F7705051681E}.Debug|Any CPU.ActiveCfg = Debug|Any CPU
		{10C1EDD8-89B1-442F-B21B-F7705051681E}.Debug|Any CPU.Build.0 = Debug|Any CPU
		{10C1EDD8-89B1-442F-B21B-F7705051681E}.Release|Any CPU.ActiveCfg = Release|Any CPU
		{10C1EDD8-89B1-442F-B21B-F7705051681E}.Release|Any CPU.Build.0 = Release|Any CPU
		{3D87A3A4-3871-4354-AEB0-AFA7582A5BC7}.Debug|Any CPU.ActiveCfg = Debug|Any CPU
		{3D87A3A4-3871-4354-AEB0-AFA7582A5BC7}.Debug|Any CPU.Build.0 = Debug|Any CPU
		{3D87A3A4-3871-4354-AEB0-AFA7582A5BC7}.Release|Any CPU.ActiveCfg = Release|Any CPU
		{3D87A3A4-3871-4354-AEB0-AFA7582A5BC7}.Release|Any CPU.Build.0 = Release|Any CPU
		{EE54B81A-AA48-4614-A6BB-AB46CCBA0677}.Debug|Any CPU.ActiveCfg = Debug|Any CPU
		{EE54B81A-AA48-4614-A6BB-AB46CCBA0677}.Debug|Any CPU.Build.0 = Debug|Any CPU
		{EE54B81A-AA48-4614-A6BB-AB46CCBA0677}.Release|Any CPU.ActiveCfg = Release|Any CPU
		{EE54B81A-AA48-4614-A6BB-AB46CCBA0677}.Release|Any CPU.Build.0 = Release|Any CPU
		{13C7AA9E-565A-46E4-9A95-D2437A36AC03}.Debug|Any CPU.ActiveCfg = Debug|Any CPU
		{13C7AA9E-565A-46E4-9A95-D2437A36AC03}.Debug|Any CPU.Build.0 = Debug|Any CPU
		{13C7AA9E-565A-46E4-9A95-D2437A36AC03}.Release|Any CPU.ActiveCfg = Release|Any CPU
		{13C7AA9E-565A-46E4-9A95-D2437A36AC03}.Release|Any CPU.Build.0 = Release|Any CPU
		{170BE89D-025F-4352-9388-72CE26EE12E9}.Debug|Any CPU.ActiveCfg = Debug|Any CPU
		{170BE89D-025F-4352-9388-72CE26EE12E9}.Debug|Any CPU.Build.0 = Debug|Any CPU
		{170BE89D-025F-4352-9388-72CE26EE12E9}.Release|Any CPU.ActiveCfg = Release|Any CPU
		{170BE89D-025F-4352-9388-72CE26EE12E9}.Release|Any CPU.Build.0 = Release|Any CPU
		{5D781E57-0DF3-40B7-BF45-FF50B1EE3B03}.Debug|Any CPU.ActiveCfg = Debug|Any CPU
		{5D781E57-0DF3-40B7-BF45-FF50B1EE3B03}.Debug|Any CPU.Build.0 = Debug|Any CPU
		{5D781E57-0DF3-40B7-BF45-FF50B1EE3B03}.Release|Any CPU.ActiveCfg = Release|Any CPU
		{5D781E57-0DF3-40B7-BF45-FF50B1EE3B03}.Release|Any CPU.Build.0 = Release|Any CPU
		{0F4F690F-6871-413D-A9DB-54B777D16B97}.Debug|Any CPU.ActiveCfg = Debug|Any CPU
		{0F4F690F-6871-413D-A9DB-54B777D16B97}.Debug|Any CPU.Build.0 = Debug|Any CPU
		{0F4F690F-6871-413D-A9DB-54B777D16B97}.Release|Any CPU.ActiveCfg = Release|Any CPU
		{0F4F690F-6871-413D-A9DB-54B777D16B97}.Release|Any CPU.Build.0 = Release|Any CPU
		{BB9EE226-78DC-4021-B322-CB6D44DCBA25}.Debug|Any CPU.ActiveCfg = Debug|Any CPU
		{BB9EE226-78DC-4021-B322-CB6D44DCBA25}.Debug|Any CPU.Build.0 = Debug|Any CPU
		{BB9EE226-78DC-4021-B322-CB6D44DCBA25}.Release|Any CPU.ActiveCfg = Release|Any CPU
		{BB9EE226-78DC-4021-B322-CB6D44DCBA25}.Release|Any CPU.Build.0 = Release|Any CPU
		{26F6725F-8EE1-4CEE-AE6A-BB9697368559}.Debug|Any CPU.ActiveCfg = Debug|Any CPU
		{26F6725F-8EE1-4CEE-AE6A-BB9697368559}.Debug|Any CPU.Build.0 = Debug|Any CPU
		{26F6725F-8EE1-4CEE-AE6A-BB9697368559}.Release|Any CPU.ActiveCfg = Release|Any CPU
		{26F6725F-8EE1-4CEE-AE6A-BB9697368559}.Release|Any CPU.Build.0 = Release|Any CPU
		{5DD4DE1B-00CE-4EBB-BED5-D3E00D8E0526}.Debug|Any CPU.ActiveCfg = Debug|Any CPU
		{5DD4DE1B-00CE-4EBB-BED5-D3E00D8E0526}.Debug|Any CPU.Build.0 = Debug|Any CPU
		{5DD4DE1B-00CE-4EBB-BED5-D3E00D8E0526}.Release|Any CPU.ActiveCfg = Release|Any CPU
		{5DD4DE1B-00CE-4EBB-BED5-D3E00D8E0526}.Release|Any CPU.Build.0 = Release|Any CPU
		{540846F6-E530-4170-954F-0F8F249A46BC}.Debug|Any CPU.ActiveCfg = Debug|Any CPU
		{540846F6-E530-4170-954F-0F8F249A46BC}.Debug|Any CPU.Build.0 = Debug|Any CPU
		{540846F6-E530-4170-954F-0F8F249A46BC}.Release|Any CPU.ActiveCfg = Release|Any CPU
		{540846F6-E530-4170-954F-0F8F249A46BC}.Release|Any CPU.Build.0 = Release|Any CPU
		{BE37462B-F6A0-4262-83C5-F25FBAEFB3B5}.Debug|Any CPU.ActiveCfg = Debug|Any CPU
		{BE37462B-F6A0-4262-83C5-F25FBAEFB3B5}.Debug|Any CPU.Build.0 = Debug|Any CPU
		{BE37462B-F6A0-4262-83C5-F25FBAEFB3B5}.Release|Any CPU.ActiveCfg = Release|Any CPU
		{BE37462B-F6A0-4262-83C5-F25FBAEFB3B5}.Release|Any CPU.Build.0 = Release|Any CPU
	EndGlobalSection
	GlobalSection(SolutionProperties) = preSolution
		HideSolutionNode = FALSE
	EndGlobalSection
	GlobalSection(NestedProjects) = preSolution
		{323B4F4B-6264-40C5-88AC-AF508909DFE6} = {DC4D750B-BA5D-4C7D-BA64-2FEB3BE4417C}
		{EAACCC34-D65D-42D1-A44C-D42183A8A72A} = {75B5D523-A368-45B8-B16B-E39724DF2B52}
		{5FF17B04-2929-4B71-8EEF-5CCC0DB5D80B} = {75B5D523-A368-45B8-B16B-E39724DF2B52}
		{D54F38E9-8FBB-473A-AE31-98C85A05E857} = {0B08A244-8E23-46B3-8C78-DA8A909160C2}
		{10C1EDD8-89B1-442F-B21B-F7705051681E} = {24972C2C-FC61-4619-A3D4-6C3A03A838AA}
		{3D87A3A4-3871-4354-AEB0-AFA7582A5BC7} = {DC4D750B-BA5D-4C7D-BA64-2FEB3BE4417C}
		{DC4D750B-BA5D-4C7D-BA64-2FEB3BE4417C} = {0B08A244-8E23-46B3-8C78-DA8A909160C2}
		{EE54B81A-AA48-4614-A6BB-AB46CCBA0677} = {75B5D523-A368-45B8-B16B-E39724DF2B52}
		{13C7AA9E-565A-46E4-9A95-D2437A36AC03} = {0B08A244-8E23-46B3-8C78-DA8A909160C2}
		{170BE89D-025F-4352-9388-72CE26EE12E9} = {0B08A244-8E23-46B3-8C78-DA8A909160C2}
		{5D781E57-0DF3-40B7-BF45-FF50B1EE3B03} = {DC4D750B-BA5D-4C7D-BA64-2FEB3BE4417C}
		{0F4F690F-6871-413D-A9DB-54B777D16B97} = {B72F4619-509A-47FA-AE1F-20E0898C4794}
		{BB9EE226-78DC-4021-B322-CB6D44DCBA25} = {0B08A244-8E23-46B3-8C78-DA8A909160C2}
		{26F6725F-8EE1-4CEE-AE6A-BB9697368559} = {B72F4619-509A-47FA-AE1F-20E0898C4794}
		{5DD4DE1B-00CE-4EBB-BED5-D3E00D8E0526} = {B72F4619-509A-47FA-AE1F-20E0898C4794}
		{540846F6-E530-4170-954F-0F8F249A46BC} = {24972C2C-FC61-4619-A3D4-6C3A03A838AA}
		{BE37462B-F6A0-4262-83C5-F25FBAEFB3B5} = {24972C2C-FC61-4619-A3D4-6C3A03A838AA}
	EndGlobalSection
EndGlobal
