
Microsoft Visual Studio Solution File, Format Version 12.00
# Visual Studio 14
VisualStudioVersion = 14.0.25420.1
MinimumVisualStudioVersion = 10.0.40219.1
Project("{2150E333-8FDC-42A3-9474-1A3956D46DE8}") = "Solution Items", "Solution Items", "{15A06CDF-D41F-489B-85AD-A0FD1DF31D61}"
	ProjectSection(SolutionItems) = preProject
		ReadMe.txt = ReadMe.txt
	EndProjectSection
EndProject
Project("{FAE04EC0-301F-11D3-BF4B-00C04F79EFBC}") = "Tests", "Tests\Tests.csproj", "{84BAB6D3-8389-4602-8A52-F2C651059594}"
EndProject
Project("{FAE04EC0-301F-11D3-BF4B-00C04F79EFBC}") = "EventSource", "EventSource\EventSource.csproj", "{850A546B-9A55-4908-8E3A-21F29F0B79FD}"
EndProject
Global
	GlobalSection(SolutionConfigurationPlatforms) = preSolution
		Debug|Any CPU = Debug|Any CPU
		Release|Any CPU = Release|Any CPU
	EndGlobalSection
	GlobalSection(ProjectConfigurationPlatforms) = postSolution
		{84BAB6D3-8389-4602-8A52-F2C651059594}.Debug|Any CPU.ActiveCfg = Debug|Any CPU
		{84BAB6D3-8389-4602-8A52-F2C651059594}.Debug|Any CPU.Build.0 = Debug|Any CPU
		{84BAB6D3-8389-4602-8A52-F2C651059594}.Release|Any CPU.ActiveCfg = Release|Any CPU
		{84BAB6D3-8389-4602-8A52-F2C651059594}.Release|Any CPU.Build.0 = Release|Any CPU
		{850A546B-9A55-4908-8E3A-21F29F0B79FD}.Debug|Any CPU.ActiveCfg = Debug|Any CPU
		{850A546B-9A55-4908-8E3A-21F29F0B79FD}.Debug|Any CPU.Build.0 = Debug|Any CPU
		{850A546B-9A55-4908-8E3A-21F29F0B79FD}.Release|Any CPU.ActiveCfg = Release|Any CPU
		{850A546B-9A55-4908-8E3A-21F29F0B79FD}.Release|Any CPU.Build.0 = Release|Any CPU
	EndGlobalSection
	GlobalSection(SolutionProperties) = preSolution
		HideSolutionNode = FALSE
	EndGlobalSection
EndGlobal
